// !$*UTF8*$!
{
	archiveVersion = 1;
	classes = {
	};
	objectVersion = 56;
	objects = {

/* Begin PBXBuildFile section */
		813B4BF82A32AD2D00A7F067 /* HTTPClient.swift in Sources */ = {isa = PBXBuildFile; fileRef = 813B4BF72A32AD2D00A7F067 /* HTTPClient.swift */; };
		813B4C032A32AD4D00A7F067 /* MoviesModels.swift in Sources */ = {isa = PBXBuildFile; fileRef = 813B4C002A32AD4D00A7F067 /* MoviesModels.swift */; };
		813B4C052A32AF0B00A7F067 /* URL+extension.swift in Sources */ = {isa = PBXBuildFile; fileRef = 813B4C042A32AF0B00A7F067 /* URL+extension.swift */; };
		813B4C072A32B30B00A7F067 /* MoviewViewListModel.swift in Sources */ = {isa = PBXBuildFile; fileRef = 813B4C062A32B30B00A7F067 /* MoviewViewListModel.swift */; };
		813B4C092A32BBD000A7F067 /* MoviesScreen.swift in Sources */ = {isa = PBXBuildFile; fileRef = 813B4C082A32BBD000A7F067 /* MoviesScreen.swift */; };
		813B4C0B2A32BC7400A7F067 /* MovieListView.swift in Sources */ = {isa = PBXBuildFile; fileRef = 813B4C0A2A32BC7400A7F067 /* MovieListView.swift */; };
		81939A412A32AC8400F8293E /* MoviesApp.swift in Sources */ = {isa = PBXBuildFile; fileRef = 81939A402A32AC8400F8293E /* MoviesApp.swift */; };
		81939A452A32AC8400F8293E /* Assets.xcassets in Resources */ = {isa = PBXBuildFile; fileRef = 81939A442A32AC8400F8293E /* Assets.xcassets */; };
		81939A482A32AC8400F8293E /* Preview Assets.xcassets in Resources */ = {isa = PBXBuildFile; fileRef = 81939A472A32AC8400F8293E /* Preview Assets.xcassets */; };
		81A387912A372BFF0020D6BB /* MovieDetailsViewModel.swift in Sources */ = {isa = PBXBuildFile; fileRef = 81A387902A372BFF0020D6BB /* MovieDetailsViewModel.swift */; };
		81A387932A3734610020D6BB /* MovieDetailsScreen.swift in Sources */ = {isa = PBXBuildFile; fileRef = 81A387922A3734610020D6BB /* MovieDetailsScreen.swift */; };
		81A387952A37357E0020D6BB /* MovieDetailsView.swift in Sources */ = {isa = PBXBuildFile; fileRef = 81A387942A37357E0020D6BB /* MovieDetailsView.swift */; };
		81A387982A373D650020D6BB /* FontLineHeight.swift in Sources */ = {isa = PBXBuildFile; fileRef = 81A387972A373D650020D6BB /* FontLineHeight.swift */; };
		81A3879A2A373DD50020D6BB /* CustomTextField.swift in Sources */ = {isa = PBXBuildFile; fileRef = 81A387992A373DD50020D6BB /* CustomTextField.swift */; };
		81A3879C2A373FA00020D6BB /* ViewRating.swift in Sources */ = {isa = PBXBuildFile; fileRef = 81A3879B2A373FA00020D6BB /* ViewRating.swift */; };
		81FF375E2A334D3F00CE7B5C /* Constants.swift in Sources */ = {isa = PBXBuildFile; fileRef = 81FF375D2A334D3F00CE7B5C /* Constants.swift */; };
		81FF37602A33981400CE7B5C /* FailedView.swift in Sources */ = {isa = PBXBuildFile; fileRef = 81FF375F2A33981400CE7B5C /* FailedView.swift */; };
		81FF37622A33986A00CE7B5C /* ViewModelBase.swift in Sources */ = {isa = PBXBuildFile; fileRef = 81FF37612A33986A00CE7B5C /* ViewModelBase.swift */; };
		81FF37642A3398E400CE7B5C /* String+extension.swift in Sources */ = {isa = PBXBuildFile; fileRef = 81FF37632A3398E400CE7B5C /* String+extension.swift */; };
		81FF37662A339D0D00CE7B5C /* LoadingView.swift in Sources */ = {isa = PBXBuildFile; fileRef = 81FF37652A339D0D00CE7B5C /* LoadingView.swift */; };
		81FF37682A33A5DA00CE7B5C /* MovieDetailsModel.swift in Sources */ = {isa = PBXBuildFile; fileRef = 81FF37672A33A5DA00CE7B5C /* MovieDetailsModel.swift */; };
/* End PBXBuildFile section */

/* Begin PBXFileReference section */
		813B4BF72A32AD2D00A7F067 /* HTTPClient.swift */ = {isa = PBXFileReference; fileEncoding = 4; lastKnownFileType = sourcecode.swift; path = HTTPClient.swift; sourceTree = "<group>"; };
		813B4C002A32AD4D00A7F067 /* MoviesModels.swift */ = {isa = PBXFileReference; fileEncoding = 4; lastKnownFileType = sourcecode.swift; path = MoviesModels.swift; sourceTree = "<group>"; };
		813B4C042A32AF0B00A7F067 /* URL+extension.swift */ = {isa = PBXFileReference; lastKnownFileType = sourcecode.swift; path = "URL+extension.swift"; sourceTree = "<group>"; };
		813B4C062A32B30B00A7F067 /* MoviewViewListModel.swift */ = {isa = PBXFileReference; lastKnownFileType = sourcecode.swift; path = MoviewViewListModel.swift; sourceTree = "<group>"; };
		813B4C082A32BBD000A7F067 /* MoviesScreen.swift */ = {isa = PBXFileReference; lastKnownFileType = sourcecode.swift; path = MoviesScreen.swift; sourceTree = "<group>"; };
		813B4C0A2A32BC7400A7F067 /* MovieListView.swift */ = {isa = PBXFileReference; lastKnownFileType = sourcecode.swift; path = MovieListView.swift; sourceTree = "<group>"; };
		81939A3D2A32AC8300F8293E /* Movies.app */ = {isa = PBXFileReference; explicitFileType = wrapper.application; includeInIndex = 0; path = Movies.app; sourceTree = BUILT_PRODUCTS_DIR; };
		81939A402A32AC8400F8293E /* MoviesApp.swift */ = {isa = PBXFileReference; lastKnownFileType = sourcecode.swift; path = MoviesApp.swift; sourceTree = "<group>"; };
		81939A442A32AC8400F8293E /* Assets.xcassets */ = {isa = PBXFileReference; lastKnownFileType = folder.assetcatalog; path = Assets.xcassets; sourceTree = "<group>"; };
		81939A472A32AC8400F8293E /* Preview Assets.xcassets */ = {isa = PBXFileReference; lastKnownFileType = folder.assetcatalog; path = "Preview Assets.xcassets"; sourceTree = "<group>"; };
		81A387902A372BFF0020D6BB /* MovieDetailsViewModel.swift */ = {isa = PBXFileReference; lastKnownFileType = sourcecode.swift; path = MovieDetailsViewModel.swift; sourceTree = "<group>"; };
		81A387922A3734610020D6BB /* MovieDetailsScreen.swift */ = {isa = PBXFileReference; lastKnownFileType = sourcecode.swift; path = MovieDetailsScreen.swift; sourceTree = "<group>"; };
		81A387942A37357E0020D6BB /* MovieDetailsView.swift */ = {isa = PBXFileReference; lastKnownFileType = sourcecode.swift; path = MovieDetailsView.swift; sourceTree = "<group>"; };
		81A387972A373D650020D6BB /* FontLineHeight.swift */ = {isa = PBXFileReference; lastKnownFileType = sourcecode.swift; path = FontLineHeight.swift; sourceTree = "<group>"; };
		81A387992A373DD50020D6BB /* CustomTextField.swift */ = {isa = PBXFileReference; lastKnownFileType = sourcecode.swift; path = CustomTextField.swift; sourceTree = "<group>"; };
		81A3879B2A373FA00020D6BB /* ViewRating.swift */ = {isa = PBXFileReference; lastKnownFileType = sourcecode.swift; path = ViewRating.swift; sourceTree = "<group>"; };
		81FF375D2A334D3F00CE7B5C /* Constants.swift */ = {isa = PBXFileReference; lastKnownFileType = sourcecode.swift; name = Constants.swift; path = Movies/Controls/Constants.swift; sourceTree = SOURCE_ROOT; };
		81FF375F2A33981400CE7B5C /* FailedView.swift */ = {isa = PBXFileReference; lastKnownFileType = sourcecode.swift; name = FailedView.swift; path = Movies/FailedView.swift; sourceTree = SOURCE_ROOT; };
		81FF37612A33986A00CE7B5C /* ViewModelBase.swift */ = {isa = PBXFileReference; lastKnownFileType = sourcecode.swift; path = ViewModelBase.swift; sourceTree = "<group>"; };
		81FF37632A3398E400CE7B5C /* String+extension.swift */ = {isa = PBXFileReference; lastKnownFileType = sourcecode.swift; name = "String+extension.swift"; path = "Movies/String+extension.swift"; sourceTree = SOURCE_ROOT; };
		81FF37652A339D0D00CE7B5C /* LoadingView.swift */ = {isa = PBXFileReference; lastKnownFileType = sourcecode.swift; path = LoadingView.swift; sourceTree = "<group>"; };
		81FF37672A33A5DA00CE7B5C /* MovieDetailsModel.swift */ = {isa = PBXFileReference; lastKnownFileType = sourcecode.swift; name = MovieDetailsModel.swift; path = Movies/MovieDetailsModel.swift; sourceTree = SOURCE_ROOT; };
/* End PBXFileReference section */

/* Begin PBXFrameworksBuildPhase section */
		81939A3A2A32AC8300F8293E /* Frameworks */ = {
			isa = PBXFrameworksBuildPhase;
			buildActionMask = 2147483647;
			files = (
			);
			runOnlyForDeploymentPostprocessing = 0;
		};
/* End PBXFrameworksBuildPhase section */

/* Begin PBXGroup section */
		813B4BF52A32AD0C00A7F067 /* Views */ = {
			isa = PBXGroup;
			children = (
				813B4C0A2A32BC7400A7F067 /* MovieListView.swift */,
				81FF375F2A33981400CE7B5C /* FailedView.swift */,
				81FF37652A339D0D00CE7B5C /* LoadingView.swift */,
				81A387942A37357E0020D6BB /* MovieDetailsView.swift */,
				81A3879B2A373FA00020D6BB /* ViewRating.swift */,
			);
			path = Views;
			sourceTree = "<group>";
		};
		813B4BF62A32AD2D00A7F067 /* Services */ = {
			isa = PBXGroup;
			children = (
				813B4BF72A32AD2D00A7F067 /* HTTPClient.swift */,
			);
			path = Services;
			sourceTree = "<group>";
		};
		813B4BF92A32AD4D00A7F067 /* Utils */ = {
			isa = PBXGroup;
			children = (
				81FF375D2A334D3F00CE7B5C /* Constants.swift */,
			);
			name = Utils;
			path = "../../Movies Old/Movies/Utils";
			sourceTree = "<group>";
		};
		813B4BFB2A32AD4D00A7F067 /* Loaders */ = {
			isa = PBXGroup;
			children = (
			);
			path = Loaders;
			sourceTree = "<group>";
		};
		813B4BFC2A32AD4D00A7F067 /* Screens */ = {
			isa = PBXGroup;
			children = (
				813B4C082A32BBD000A7F067 /* MoviesScreen.swift */,
				81A387922A3734610020D6BB /* MovieDetailsScreen.swift */,
			);
			path = Screens;
			sourceTree = "<group>";
		};
		813B4BFD2A32AD4D00A7F067 /* Extensions */ = {
			isa = PBXGroup;
			children = (
				813B4C042A32AF0B00A7F067 /* URL+extension.swift */,
				81FF37632A3398E400CE7B5C /* String+extension.swift */,
			);
			path = Extensions;
			sourceTree = "<group>";
		};
		813B4BFE2A32AD4D00A7F067 /* View Models */ = {
			isa = PBXGroup;
			children = (
				813B4C062A32B30B00A7F067 /* MoviewViewListModel.swift */,
				81FF37612A33986A00CE7B5C /* ViewModelBase.swift */,
				81A387902A372BFF0020D6BB /* MovieDetailsViewModel.swift */,
			);
			path = "View Models";
			sourceTree = "<group>";
		};
		813B4BFF2A32AD4D00A7F067 /* Models */ = {
			isa = PBXGroup;
			children = (
				813B4C002A32AD4D00A7F067 /* MoviesModels.swift */,
				81FF37672A33A5DA00CE7B5C /* MovieDetailsModel.swift */,
			);
			path = Models;
			sourceTree = "<group>";
		};
		81939A342A32AC8300F8293E = {
			isa = PBXGroup;
			children = (
				81939A3F2A32AC8300F8293E /* Movies */,
				81939A3E2A32AC8300F8293E /* Products */,
			);
			sourceTree = "<group>";
		};
		81939A3E2A32AC8300F8293E /* Products */ = {
			isa = PBXGroup;
			children = (
				81939A3D2A32AC8300F8293E /* Movies.app */,
			);
			name = Products;
			sourceTree = "<group>";
		};
		81939A3F2A32AC8300F8293E /* Movies */ = {
			isa = PBXGroup;
			children = (
				81A387962A373D430020D6BB /* Modifers */,
				813B4BFD2A32AD4D00A7F067 /* Extensions */,
				813B4BFB2A32AD4D00A7F067 /* Loaders */,
				813B4BFF2A32AD4D00A7F067 /* Models */,
				813B4BFC2A32AD4D00A7F067 /* Screens */,
				813B4BF92A32AD4D00A7F067 /* Utils */,
				813B4BFE2A32AD4D00A7F067 /* View Models */,
				813B4BF62A32AD2D00A7F067 /* Services */,
				813B4BF52A32AD0C00A7F067 /* Views */,
				81939A402A32AC8400F8293E /* MoviesApp.swift */,
				81939A442A32AC8400F8293E /* Assets.xcassets */,
				81939A462A32AC8400F8293E /* Preview Content */,
			);
			path = Movies;
			sourceTree = "<group>";
		};
		81939A462A32AC8400F8293E /* Preview Content */ = {
			isa = PBXGroup;
			children = (
				81939A472A32AC8400F8293E /* Preview Assets.xcassets */,
			);
			path = "Preview Content";
			sourceTree = "<group>";
		};
		81A387962A373D430020D6BB /* Modifers */ = {
			isa = PBXGroup;
			children = (
				81A387972A373D650020D6BB /* FontLineHeight.swift */,
				81A387992A373DD50020D6BB /* CustomTextField.swift */,
			);
			path = Modifers;
			sourceTree = "<group>";
		};
/* End PBXGroup section */

/* Begin PBXNativeTarget section */
		81939A3C2A32AC8300F8293E /* Movies */ = {
			isa = PBXNativeTarget;
			buildConfigurationList = 81939A4B2A32AC8400F8293E /* Build configuration list for PBXNativeTarget "Movies" */;
			buildPhases = (
				81939A392A32AC8300F8293E /* Sources */,
				81939A3A2A32AC8300F8293E /* Frameworks */,
				81939A3B2A32AC8300F8293E /* Resources */,
			);
			buildRules = (
			);
			dependencies = (
			);
			name = Movies;
			productName = Movies;
			productReference = 81939A3D2A32AC8300F8293E /* Movies.app */;
			productType = "com.apple.product-type.application";
		};
/* End PBXNativeTarget section */

/* Begin PBXProject section */
		81939A352A32AC8300F8293E /* Project object */ = {
			isa = PBXProject;
			attributes = {
				BuildIndependentTargetsInParallel = 1;
				LastSwiftUpdateCheck = 1410;
				LastUpgradeCheck = 1410;
				TargetAttributes = {
					81939A3C2A32AC8300F8293E = {
						CreatedOnToolsVersion = 14.1;
					};
				};
			};
			buildConfigurationList = 81939A382A32AC8300F8293E /* Build configuration list for PBXProject "Movies" */;
			compatibilityVersion = "Xcode 14.0";
			developmentRegion = en;
			hasScannedForEncodings = 0;
			knownRegions = (
				en,
				Base,
			);
			mainGroup = 81939A342A32AC8300F8293E;
			productRefGroup = 81939A3E2A32AC8300F8293E /* Products */;
			projectDirPath = "";
			projectRoot = "";
			targets = (
				81939A3C2A32AC8300F8293E /* Movies */,
			);
		};
/* End PBXProject section */

/* Begin PBXResourcesBuildPhase section */
		81939A3B2A32AC8300F8293E /* Resources */ = {
			isa = PBXResourcesBuildPhase;
			buildActionMask = 2147483647;
			files = (
				81939A482A32AC8400F8293E /* Preview Assets.xcassets in Resources */,
				81939A452A32AC8400F8293E /* Assets.xcassets in Resources */,
			);
			runOnlyForDeploymentPostprocessing = 0;
		};
/* End PBXResourcesBuildPhase section */

/* Begin PBXSourcesBuildPhase section */
		81939A392A32AC8300F8293E /* Sources */ = {
			isa = PBXSourcesBuildPhase;
			buildActionMask = 2147483647;
			files = (
				81A387912A372BFF0020D6BB /* MovieDetailsViewModel.swift in Sources */,
				81A3879C2A373FA00020D6BB /* ViewRating.swift in Sources */,
				813B4C092A32BBD000A7F067 /* MoviesScreen.swift in Sources */,
				81A387952A37357E0020D6BB /* MovieDetailsView.swift in Sources */,
				813B4C072A32B30B00A7F067 /* MoviewViewListModel.swift in Sources */,
				813B4C0B2A32BC7400A7F067 /* MovieListView.swift in Sources */,
				81939A412A32AC8400F8293E /* MoviesApp.swift in Sources */,
				813B4BF82A32AD2D00A7F067 /* HTTPClient.swift in Sources */,
				81FF37662A339D0D00CE7B5C /* LoadingView.swift in Sources */,
				81A3879A2A373DD50020D6BB /* CustomTextField.swift in Sources */,
				81FF37642A3398E400CE7B5C /* String+extension.swift in Sources */,
				81FF37622A33986A00CE7B5C /* ViewModelBase.swift in Sources */,
				81FF37682A33A5DA00CE7B5C /* MovieDetailsModel.swift in Sources */,
				81FF375E2A334D3F00CE7B5C /* Constants.swift in Sources */,
				813B4C052A32AF0B00A7F067 /* URL+extension.swift in Sources */,
				81FF37602A33981400CE7B5C /* FailedView.swift in Sources */,
				813B4C032A32AD4D00A7F067 /* MoviesModels.swift in Sources */,
				81A387982A373D650020D6BB /* FontLineHeight.swift in Sources */,
				81A387932A3734610020D6BB /* MovieDetailsScreen.swift in Sources */,
			);
			runOnlyForDeploymentPostprocessing = 0;
		};
/* End PBXSourcesBuildPhase section */

/* Begin XCBuildConfiguration section */
		81939A492A32AC8400F8293E /* Debug */ = {
			isa = XCBuildConfiguration;
			buildSettings = {
				ALWAYS_SEARCH_USER_PATHS = NO;
				CLANG_ANALYZER_NONNULL = YES;
				CLANG_ANALYZER_NUMBER_OBJECT_CONVERSION = YES_AGGRESSIVE;
				CLANG_CXX_LANGUAGE_STANDARD = "gnu++20";
				CLANG_ENABLE_MODULES = YES;
				CLANG_ENABLE_OBJC_ARC = YES;
				CLANG_ENABLE_OBJC_WEAK = YES;
				CLANG_WARN_BLOCK_CAPTURE_AUTORELEASING = YES;
				CLANG_WARN_BOOL_CONVERSION = YES;
				CLANG_WARN_COMMA = YES;
				CLANG_WARN_CONSTANT_CONVERSION = YES;
				CLANG_WARN_DEPRECATED_OBJC_IMPLEMENTATIONS = YES;
				CLANG_WARN_DIRECT_OBJC_ISA_USAGE = YES_ERROR;
				CLANG_WARN_DOCUMENTATION_COMMENTS = YES;
				CLANG_WARN_EMPTY_BODY = YES;
				CLANG_WARN_ENUM_CONVERSION = YES;
				CLANG_WARN_INFINITE_RECURSION = YES;
				CLANG_WARN_INT_CONVERSION = YES;
				CLANG_WARN_NON_LITERAL_NULL_CONVERSION = YES;
				CLANG_WARN_OBJC_IMPLICIT_RETAIN_SELF = YES;
				CLANG_WARN_OBJC_LITERAL_CONVERSION = YES;
				CLANG_WARN_OBJC_ROOT_CLASS = YES_ERROR;
				CLANG_WARN_QUOTED_INCLUDE_IN_FRAMEWORK_HEADER = YES;
				CLANG_WARN_RANGE_LOOP_ANALYSIS = YES;
				CLANG_WARN_STRICT_PROTOTYPES = YES;
				CLANG_WARN_SUSPICIOUS_MOVE = YES;
				CLANG_WARN_UNGUARDED_AVAILABILITY = YES_AGGRESSIVE;
				CLANG_WARN_UNREACHABLE_CODE = YES;
				CLANG_WARN__DUPLICATE_METHOD_MATCH = YES;
				COPY_PHASE_STRIP = NO;
				DEBUG_INFORMATION_FORMAT = dwarf;
				ENABLE_STRICT_OBJC_MSGSEND = YES;
				ENABLE_TESTABILITY = YES;
				GCC_C_LANGUAGE_STANDARD = gnu11;
				GCC_DYNAMIC_NO_PIC = NO;
				GCC_NO_COMMON_BLOCKS = YES;
				GCC_OPTIMIZATION_LEVEL = 0;
				GCC_PREPROCESSOR_DEFINITIONS = (
					"DEBUG=1",
					"$(inherited)",
				);
				GCC_WARN_64_TO_32_BIT_CONVERSION = YES;
				GCC_WARN_ABOUT_RETURN_TYPE = YES_ERROR;
				GCC_WARN_UNDECLARED_SELECTOR = YES;
				GCC_WARN_UNINITIALIZED_AUTOS = YES_AGGRESSIVE;
				GCC_WARN_UNUSED_FUNCTION = YES;
				GCC_WARN_UNUSED_VARIABLE = YES;
				IPHONEOS_DEPLOYMENT_TARGET = 16.1;
				MTL_ENABLE_DEBUG_INFO = INCLUDE_SOURCE;
				MTL_FAST_MATH = YES;
				ONLY_ACTIVE_ARCH = YES;
				SDKROOT = iphoneos;
				SWIFT_ACTIVE_COMPILATION_CONDITIONS = DEBUG;
				SWIFT_OPTIMIZATION_LEVEL = "-Onone";
			};
			name = Debug;
		};
		81939A4A2A32AC8400F8293E /* Release */ = {
			isa = XCBuildConfiguration;
			buildSettings = {
				ALWAYS_SEARCH_USER_PATHS = NO;
				CLANG_ANALYZER_NONNULL = YES;
				CLANG_ANALYZER_NUMBER_OBJECT_CONVERSION = YES_AGGRESSIVE;
				CLANG_CXX_LANGUAGE_STANDARD = "gnu++20";
				CLANG_ENABLE_MODULES = YES;
				CLANG_ENABLE_OBJC_ARC = YES;
				CLANG_ENABLE_OBJC_WEAK = YES;
				CLANG_WARN_BLOCK_CAPTURE_AUTORELEASING = YES;
				CLANG_WARN_BOOL_CONVERSION = YES;
				CLANG_WARN_COMMA = YES;
				CLANG_WARN_CONSTANT_CONVERSION = YES;
				CLANG_WARN_DEPRECATED_OBJC_IMPLEMENTATIONS = YES;
				CLANG_WARN_DIRECT_OBJC_ISA_USAGE = YES_ERROR;
				CLANG_WARN_DOCUMENTATION_COMMENTS = YES;
				CLANG_WARN_EMPTY_BODY = YES;
				CLANG_WARN_ENUM_CONVERSION = YES;
				CLANG_WARN_INFINITE_RECURSION = YES;
				CLANG_WARN_INT_CONVERSION = YES;
				CLANG_WARN_NON_LITERAL_NULL_CONVERSION = YES;
				CLANG_WARN_OBJC_IMPLICIT_RETAIN_SELF = YES;
				CLANG_WARN_OBJC_LITERAL_CONVERSION = YES;
				CLANG_WARN_OBJC_ROOT_CLASS = YES_ERROR;
				CLANG_WARN_QUOTED_INCLUDE_IN_FRAMEWORK_HEADER = YES;
				CLANG_WARN_RANGE_LOOP_ANALYSIS = YES;
				CLANG_WARN_STRICT_PROTOTYPES = YES;
				CLANG_WARN_SUSPICIOUS_MOVE = YES;
				CLANG_WARN_UNGUARDED_AVAILABILITY = YES_AGGRESSIVE;
				CLANG_WARN_UNREACHABLE_CODE = YES;
				CLANG_WARN__DUPLICATE_METHOD_MATCH = YES;
				COPY_PHASE_STRIP = NO;
				DEBUG_INFORMATION_FORMAT = "dwarf-with-dsym";
				ENABLE_NS_ASSERTIONS = NO;
				ENABLE_STRICT_OBJC_MSGSEND = YES;
				GCC_C_LANGUAGE_STANDARD = gnu11;
				GCC_NO_COMMON_BLOCKS = YES;
				GCC_WARN_64_TO_32_BIT_CONVERSION = YES;
				GCC_WARN_ABOUT_RETURN_TYPE = YES_ERROR;
				GCC_WARN_UNDECLARED_SELECTOR = YES;
				GCC_WARN_UNINITIALIZED_AUTOS = YES_AGGRESSIVE;
				GCC_WARN_UNUSED_FUNCTION = YES;
				GCC_WARN_UNUSED_VARIABLE = YES;
				IPHONEOS_DEPLOYMENT_TARGET = 16.1;
				MTL_ENABLE_DEBUG_INFO = NO;
				MTL_FAST_MATH = YES;
				SDKROOT = iphoneos;
				SWIFT_COMPILATION_MODE = wholemodule;
				SWIFT_OPTIMIZATION_LEVEL = "-O";
				VALIDATE_PRODUCT = YES;
			};
			name = Release;
		};
		81939A4C2A32AC8400F8293E /* Debug */ = {
			isa = XCBuildConfiguration;
			buildSettings = {
				ASSETCATALOG_COMPILER_APPICON_NAME = AppIcon;
				ASSETCATALOG_COMPILER_GLOBAL_ACCENT_COLOR_NAME = AccentColor;
				CODE_SIGN_STYLE = Automatic;
				CURRENT_PROJECT_VERSION = 1;
				DEVELOPMENT_ASSET_PATHS = "\"Movies/Preview Content\"";
				DEVELOPMENT_TEAM = 7LW2N5TNNW;
				ENABLE_PREVIEWS = YES;
				GENERATE_INFOPLIST_FILE = YES;
				INFOPLIST_KEY_UIApplicationSceneManifest_Generation = YES;
				INFOPLIST_KEY_UIApplicationSupportsIndirectInputEvents = YES;
				INFOPLIST_KEY_UILaunchScreen_Generation = YES;
				INFOPLIST_KEY_UISupportedInterfaceOrientations_iPad = "UIInterfaceOrientationPortrait UIInterfaceOrientationPortraitUpsideDown UIInterfaceOrientationLandscapeLeft UIInterfaceOrientationLandscapeRight";
				INFOPLIST_KEY_UISupportedInterfaceOrientations_iPhone = "UIInterfaceOrientationPortrait UIInterfaceOrientationLandscapeLeft UIInterfaceOrientationLandscapeRight";
				LD_RUNPATH_SEARCH_PATHS = (
					"$(inherited)",
					"@executable_path/Frameworks",
				);
				MARKETING_VERSION = 1.0;
				PRODUCT_BUNDLE_IDENTIFIER = com.kvm.Movies;
				PRODUCT_NAME = "$(TARGET_NAME)";
				SWIFT_EMIT_LOC_STRINGS = YES;
				SWIFT_VERSION = 5.0;
				TARGETED_DEVICE_FAMILY = "1,2";
			};
			name = Debug;
		};
		81939A4D2A32AC8400F8293E /* Release */ = {
			isa = XCBuildConfiguration;
			buildSettings = {
				ASSETCATALOG_COMPILER_APPICON_NAME = AppIcon;
				ASSETCATALOG_COMPILER_GLOBAL_ACCENT_COLOR_NAME = AccentColor;
				CODE_SIGN_STYLE = Automatic;
				CURRENT_PROJECT_VERSION = 1;
				DEVELOPMENT_ASSET_PATHS = "\"Movies/Preview Content\"";
				DEVELOPMENT_TEAM = 7LW2N5TNNW;
				ENABLE_PREVIEWS = YES;
				GENERATE_INFOPLIST_FILE = YES;
				INFOPLIST_KEY_UIApplicationSceneManifest_Generation = YES;
				INFOPLIST_KEY_UIApplicationSupportsIndirectInputEvents = YES;
				INFOPLIST_KEY_UILaunchScreen_Generation = YES;
				INFOPLIST_KEY_UISupportedInterfaceOrientations_iPad = "UIInterfaceOrientationPortrait UIInterfaceOrientationPortraitUpsideDown UIInterfaceOrientationLandscapeLeft UIInterfaceOrientationLandscapeRight";
				INFOPLIST_KEY_UISupportedInterfaceOrientations_iPhone = "UIInterfaceOrientationPortrait UIInterfaceOrientationLandscapeLeft UIInterfaceOrientationLandscapeRight";
				LD_RUNPATH_SEARCH_PATHS = (
					"$(inherited)",
					"@executable_path/Frameworks",
				);
				MARKETING_VERSION = 1.0;
				PRODUCT_BUNDLE_IDENTIFIER = com.kvm.Movies;
				PRODUCT_NAME = "$(TARGET_NAME)";
				SWIFT_EMIT_LOC_STRINGS = YES;
				SWIFT_VERSION = 5.0;
				TARGETED_DEVICE_FAMILY = "1,2";
			};
			name = Release;
		};
/* End XCBuildConfiguration section */

/* Begin XCConfigurationList section */
		81939A382A32AC8300F8293E /* Build configuration list for PBXProject "Movies" */ = {
			isa = XCConfigurationList;
			buildConfigurations = (
				81939A492A32AC8400F8293E /* Debug */,
				81939A4A2A32AC8400F8293E /* Release */,
			);
			defaultConfigurationIsVisible = 0;
			defaultConfigurationName = Release;
		};
		81939A4B2A32AC8400F8293E /* Build configuration list for PBXNativeTarget "Movies" */ = {
			isa = XCConfigurationList;
			buildConfigurations = (
				81939A4C2A32AC8400F8293E /* Debug */,
				81939A4D2A32AC8400F8293E /* Release */,
			);
			defaultConfigurationIsVisible = 0;
			defaultConfigurationName = Release;
		};
/* End XCConfigurationList section */
	};
	rootObject = 81939A352A32AC8300F8293E /* Project object */;
}
